
Microsoft Visual Studio Solution File, Format Version 12.00
# Visual Studio 2013
VisualStudioVersion = 12.0.30723.0
MinimumVisualStudioVersion = 10.0.40219.1
Project("{FAE04EC0-301F-11D3-BF4B-00C04F79EFBC}") = "GladNet.Common", "src\GladNet.Common\GladNet.Common.csproj", "{9603BBAF-5F68-4176-A032-3E8BEAF8F9E2}"
EndProject
Project("{FAE04EC0-301F-11D3-BF4B-00C04F79EFBC}") = "GladNet.Common.Tests", "tests\GladNet.Common.Tests\GladNet.Common.Tests.csproj", "{EF9106DE-CE6A-4519-9FE9-D52F1557D068}"
EndProject
Project("{2150E333-8FDC-42A3-9474-1A3956D46DE8}") = ".nuget", ".nuget", "{0431BF64-B81D-4781-B110-C7AD3BDEFDF1}"
	ProjectSection(SolutionItems) = preProject
		.nuget\NuGet.Config = .nuget\NuGet.Config
		.nuget\NuGet.exe = .nuget\NuGet.exe
		.nuget\NuGet.targets = .nuget\NuGet.targets
	EndProjectSection
EndProject
Project("{FAE04EC0-301F-11D3-BF4B-00C04F79EFBC}") = "GladNet.Server.Common", "GladNet.Server.Common\GladNet.Server.Common.csproj", "{8B05F085-D102-4D2F-A643-8E3734AD6F97}"
EndProject
Project("{FAE04EC0-301F-11D3-BF4B-00C04F79EFBC}") = "GladNet.Server.Common.Tests", "tests\GladNet.Server.Common.Tests\GladNet.Server.Common.Tests.csproj", "{775159C9-CF85-4C21-BEBF-9BD2AB9038E7}"
EndProject
Global
	GlobalSection(SolutionConfigurationPlatforms) = preSolution
		Debug|Any CPU = Debug|Any CPU
		Release|Any CPU = Release|Any CPU
	EndGlobalSection
	GlobalSection(ProjectConfigurationPlatforms) = postSolution
		{9603BBAF-5F68-4176-A032-3E8BEAF8F9E2}.Debug|Any CPU.ActiveCfg = Debug|Any CPU
		{9603BBAF-5F68-4176-A032-3E8BEAF8F9E2}.Debug|Any CPU.Build.0 = Debug|Any CPU
		{9603BBAF-5F68-4176-A032-3E8BEAF8F9E2}.Release|Any CPU.ActiveCfg = Release|Any CPU
		{9603BBAF-5F68-4176-A032-3E8BEAF8F9E2}.Release|Any CPU.Build.0 = Release|Any CPU
		{EF9106DE-CE6A-4519-9FE9-D52F1557D068}.Debug|Any CPU.ActiveCfg = Debug|Any CPU
		{EF9106DE-CE6A-4519-9FE9-D52F1557D068}.Debug|Any CPU.Build.0 = Debug|Any CPU
		{EF9106DE-CE6A-4519-9FE9-D52F1557D068}.Release|Any CPU.ActiveCfg = Release|Any CPU
		{EF9106DE-CE6A-4519-9FE9-D52F1557D068}.Release|Any CPU.Build.0 = Release|Any CPU
		{8B05F085-D102-4D2F-A643-8E3734AD6F97}.Debug|Any CPU.ActiveCfg = Debug|Any CPU
		{8B05F085-D102-4D2F-A643-8E3734AD6F97}.Debug|Any CPU.Build.0 = Debug|Any CPU
		{8B05F085-D102-4D2F-A643-8E3734AD6F97}.Release|Any CPU.ActiveCfg = Release|Any CPU
		{8B05F085-D102-4D2F-A643-8E3734AD6F97}.Release|Any CPU.Build.0 = Release|Any CPU
		{775159C9-CF85-4C21-BEBF-9BD2AB9038E7}.Debug|Any CPU.ActiveCfg = Debug|Any CPU
		{775159C9-CF85-4C21-BEBF-9BD2AB9038E7}.Debug|Any CPU.Build.0 = Debug|Any CPU
		{775159C9-CF85-4C21-BEBF-9BD2AB9038E7}.Release|Any CPU.ActiveCfg = Release|Any CPU
		{775159C9-CF85-4C21-BEBF-9BD2AB9038E7}.Release|Any CPU.Build.0 = Release|Any CPU
	EndGlobalSection
	GlobalSection(SolutionProperties) = preSolution
		HideSolutionNode = FALSE
	EndGlobalSection
EndGlobal
