
Microsoft Visual Studio Solution File, Format Version 12.00
# Visual Studio Version 16
VisualStudioVersion = 16.0.30804.86
MinimumVisualStudioVersion = 10.0.40219.1
Project("{2150E333-8FDC-42A3-9474-1A3956D46DE8}") = "src", "src", "{82223BC2-FD46-45B7-8714-A1BBB6FACC0E}"
EndProject
Project("{9A19103F-16F7-4668-BE54-9A1E7A4F7556}") = "GladNet.API", "src\GladNet.API\GladNet.API.csproj", "{1B6D4F01-C4BB-4242-89F9-F17527BF442E}"
EndProject
Project("{9A19103F-16F7-4668-BE54-9A1E7A4F7556}") = "GladNet.API.Server", "src\GladNet.API.Server\GladNet.API.Server.csproj", "{26682A85-BEEC-4D96-A843-0925890E472B}"
EndProject
Project("{9A19103F-16F7-4668-BE54-9A1E7A4F7556}") = "GladNet.Server.DotNetTcpServer", "src\GladNet.Server.DotNetTcpServer\GladNet.Server.DotNetTcpServer.csproj", "{A8243286-3CB8-4B81-8379-A61DEAA39D09}"
EndProject
Project("{2150E333-8FDC-42A3-9474-1A3956D46DE8}") = "tests", "tests", "{EE396D2F-98B0-46DC-851E-8A52A4C46E6B}"
EndProject
Project("{9A19103F-16F7-4668-BE54-9A1E7A4F7556}") = "GladNet.DotNetTcpServer.EchoTest", "tests\GladNet.DotNetTcpServer.EchoTest\GladNet.DotNetTcpServer.EchoTest.csproj", "{E6C56850-6930-4863-88AA-7FAC7592E70B}"
EndProject
Project("{FAE04EC0-301F-11D3-BF4B-00C04F79EFBC}") = "GladNet.API.Client", "src\GladNet.API.Client\GladNet.API.Client.csproj", "{28DB2EDC-FA18-4F55-8AD9-3B5DE543F519}"
EndProject
Project("{FAE04EC0-301F-11D3-BF4B-00C04F79EFBC}") = "GladNet.API.TCP", "src\GladNet.API.TCP\GladNet.API.TCP.csproj", "{E9F23B76-BCCE-41A3-A4AB-CB6FB36C6B5F}"
EndProject
Project("{FAE04EC0-301F-11D3-BF4B-00C04F79EFBC}") = "GladNet.Client.DotNetTcpClient", "src\GladNet.Client.DotNetTcpClient\GladNet.Client.DotNetTcpClient.csproj", "{BA324EF9-0A69-42CC-B771-3A4200BEC3CE}"
EndProject
Global
	GlobalSection(SolutionConfigurationPlatforms) = preSolution
		Debug|Any CPU = Debug|Any CPU
		Release|Any CPU = Release|Any CPU
	EndGlobalSection
	GlobalSection(ProjectConfigurationPlatforms) = postSolution
		{1B6D4F01-C4BB-4242-89F9-F17527BF442E}.Debug|Any CPU.ActiveCfg = Debug|Any CPU
		{1B6D4F01-C4BB-4242-89F9-F17527BF442E}.Debug|Any CPU.Build.0 = Debug|Any CPU
		{1B6D4F01-C4BB-4242-89F9-F17527BF442E}.Release|Any CPU.ActiveCfg = Release|Any CPU
		{1B6D4F01-C4BB-4242-89F9-F17527BF442E}.Release|Any CPU.Build.0 = Release|Any CPU
		{26682A85-BEEC-4D96-A843-0925890E472B}.Debug|Any CPU.ActiveCfg = Debug|Any CPU
		{26682A85-BEEC-4D96-A843-0925890E472B}.Debug|Any CPU.Build.0 = Debug|Any CPU
		{26682A85-BEEC-4D96-A843-0925890E472B}.Release|Any CPU.ActiveCfg = Release|Any CPU
		{26682A85-BEEC-4D96-A843-0925890E472B}.Release|Any CPU.Build.0 = Release|Any CPU
		{A8243286-3CB8-4B81-8379-A61DEAA39D09}.Debug|Any CPU.ActiveCfg = Debug|Any CPU
		{A8243286-3CB8-4B81-8379-A61DEAA39D09}.Debug|Any CPU.Build.0 = Debug|Any CPU
		{A8243286-3CB8-4B81-8379-A61DEAA39D09}.Release|Any CPU.ActiveCfg = Release|Any CPU
		{A8243286-3CB8-4B81-8379-A61DEAA39D09}.Release|Any CPU.Build.0 = Release|Any CPU
		{E6C56850-6930-4863-88AA-7FAC7592E70B}.Debug|Any CPU.ActiveCfg = Debug|Any CPU
		{E6C56850-6930-4863-88AA-7FAC7592E70B}.Debug|Any CPU.Build.0 = Debug|Any CPU
		{E6C56850-6930-4863-88AA-7FAC7592E70B}.Release|Any CPU.ActiveCfg = Release|Any CPU
		{E6C56850-6930-4863-88AA-7FAC7592E70B}.Release|Any CPU.Build.0 = Release|Any CPU
		{28DB2EDC-FA18-4F55-8AD9-3B5DE543F519}.Debug|Any CPU.ActiveCfg = Debug|Any CPU
		{28DB2EDC-FA18-4F55-8AD9-3B5DE543F519}.Debug|Any CPU.Build.0 = Debug|Any CPU
		{28DB2EDC-FA18-4F55-8AD9-3B5DE543F519}.Release|Any CPU.ActiveCfg = Release|Any CPU
		{28DB2EDC-FA18-4F55-8AD9-3B5DE543F519}.Release|Any CPU.Build.0 = Release|Any CPU
		{E9F23B76-BCCE-41A3-A4AB-CB6FB36C6B5F}.Debug|Any CPU.ActiveCfg = Debug|Any CPU
		{E9F23B76-BCCE-41A3-A4AB-CB6FB36C6B5F}.Debug|Any CPU.Build.0 = Debug|Any CPU
		{E9F23B76-BCCE-41A3-A4AB-CB6FB36C6B5F}.Release|Any CPU.ActiveCfg = Release|Any CPU
		{E9F23B76-BCCE-41A3-A4AB-CB6FB36C6B5F}.Release|Any CPU.Build.0 = Release|Any CPU
		{BA324EF9-0A69-42CC-B771-3A4200BEC3CE}.Debug|Any CPU.ActiveCfg = Debug|Any CPU
		{BA324EF9-0A69-42CC-B771-3A4200BEC3CE}.Debug|Any CPU.Build.0 = Debug|Any CPU
		{BA324EF9-0A69-42CC-B771-3A4200BEC3CE}.Release|Any CPU.ActiveCfg = Release|Any CPU
		{BA324EF9-0A69-42CC-B771-3A4200BEC3CE}.Release|Any CPU.Build.0 = Release|Any CPU
	EndGlobalSection
	GlobalSection(SolutionProperties) = preSolution
		HideSolutionNode = FALSE
	EndGlobalSection
	GlobalSection(NestedProjects) = preSolution
		{1B6D4F01-C4BB-4242-89F9-F17527BF442E} = {82223BC2-FD46-45B7-8714-A1BBB6FACC0E}
		{26682A85-BEEC-4D96-A843-0925890E472B} = {82223BC2-FD46-45B7-8714-A1BBB6FACC0E}
		{A8243286-3CB8-4B81-8379-A61DEAA39D09} = {82223BC2-FD46-45B7-8714-A1BBB6FACC0E}
		{E6C56850-6930-4863-88AA-7FAC7592E70B} = {EE396D2F-98B0-46DC-851E-8A52A4C46E6B}
		{28DB2EDC-FA18-4F55-8AD9-3B5DE543F519} = {82223BC2-FD46-45B7-8714-A1BBB6FACC0E}
		{E9F23B76-BCCE-41A3-A4AB-CB6FB36C6B5F} = {82223BC2-FD46-45B7-8714-A1BBB6FACC0E}
		{BA324EF9-0A69-42CC-B771-3A4200BEC3CE} = {82223BC2-FD46-45B7-8714-A1BBB6FACC0E}
	EndGlobalSection
	GlobalSection(ExtensibilityGlobals) = postSolution
		SolutionGuid = {886DD3D7-35E3-42F0-8CE9-74FB5AD7BBD0}
	EndGlobalSection
EndGlobal
