
Microsoft Visual Studio Solution File, Format Version 12.00
# Visual Studio 15
VisualStudioVersion = 15.0.26730.8
MinimumVisualStudioVersion = 10.0.40219.1
Project("{2150E333-8FDC-42A3-9474-1A3956D46DE8}") = "src", "src", "{82223BC2-FD46-45B7-8714-A1BBB6FACC0E}"
EndProject
Project("{2150E333-8FDC-42A3-9474-1A3956D46DE8}") = "tests", "tests", "{FCFAE99C-C28A-44B7-A7BE-F9D5481C35B9}"
EndProject
Project("{9A19103F-16F7-4668-BE54-9A1E7A4F7556}") = "GladNet.Common.API", "src\GladNet.Common.API\GladNet.Common.API.csproj", "{73D89BA6-A1F7-46A3-8B2D-2635BEBECAAD}"
EndProject
Project("{9A19103F-16F7-4668-BE54-9A1E7A4F7556}") = "GladNet.Client.API", "src\GladNet.Client.API\GladNet.Client.API.csproj", "{C1BEA325-ACC8-411E-85A4-E99AA88A58B7}"
EndProject
Project("{FAE04EC0-301F-11D3-BF4B-00C04F79EFBC}") = "GladNet.Crypto.API", "src\GladNet.Crypto.API\GladNet.Crypto.API.csproj", "{5670C10B-2B94-4F7D-B360-6430CC2E7421}"
EndProject
Global
	GlobalSection(SolutionConfigurationPlatforms) = preSolution
		Debug|Any CPU = Debug|Any CPU
		Release|Any CPU = Release|Any CPU
	EndGlobalSection
	GlobalSection(ProjectConfigurationPlatforms) = postSolution
		{73D89BA6-A1F7-46A3-8B2D-2635BEBECAAD}.Debug|Any CPU.ActiveCfg = Debug|Any CPU
		{73D89BA6-A1F7-46A3-8B2D-2635BEBECAAD}.Debug|Any CPU.Build.0 = Debug|Any CPU
		{73D89BA6-A1F7-46A3-8B2D-2635BEBECAAD}.Release|Any CPU.ActiveCfg = Release|Any CPU
		{73D89BA6-A1F7-46A3-8B2D-2635BEBECAAD}.Release|Any CPU.Build.0 = Release|Any CPU
		{C1BEA325-ACC8-411E-85A4-E99AA88A58B7}.Debug|Any CPU.ActiveCfg = Debug|Any CPU
		{C1BEA325-ACC8-411E-85A4-E99AA88A58B7}.Debug|Any CPU.Build.0 = Debug|Any CPU
		{C1BEA325-ACC8-411E-85A4-E99AA88A58B7}.Release|Any CPU.ActiveCfg = Release|Any CPU
		{C1BEA325-ACC8-411E-85A4-E99AA88A58B7}.Release|Any CPU.Build.0 = Release|Any CPU
		{5670C10B-2B94-4F7D-B360-6430CC2E7421}.Debug|Any CPU.ActiveCfg = Debug|Any CPU
		{5670C10B-2B94-4F7D-B360-6430CC2E7421}.Debug|Any CPU.Build.0 = Debug|Any CPU
		{5670C10B-2B94-4F7D-B360-6430CC2E7421}.Release|Any CPU.ActiveCfg = Release|Any CPU
		{5670C10B-2B94-4F7D-B360-6430CC2E7421}.Release|Any CPU.Build.0 = Release|Any CPU
	EndGlobalSection
	GlobalSection(SolutionProperties) = preSolution
		HideSolutionNode = FALSE
	EndGlobalSection
	GlobalSection(NestedProjects) = preSolution
		{73D89BA6-A1F7-46A3-8B2D-2635BEBECAAD} = {82223BC2-FD46-45B7-8714-A1BBB6FACC0E}
		{C1BEA325-ACC8-411E-85A4-E99AA88A58B7} = {82223BC2-FD46-45B7-8714-A1BBB6FACC0E}
		{5670C10B-2B94-4F7D-B360-6430CC2E7421} = {82223BC2-FD46-45B7-8714-A1BBB6FACC0E}
	EndGlobalSection
	GlobalSection(ExtensibilityGlobals) = postSolution
		SolutionGuid = {886DD3D7-35E3-42F0-8CE9-74FB5AD7BBD0}
	EndGlobalSection
EndGlobal
