
Microsoft Visual Studio Solution File, Format Version 12.00
# Visual Studio 15
VisualStudioVersion = 15.0.26730.8
MinimumVisualStudioVersion = 10.0.40219.1
Project("{2150E333-8FDC-42A3-9474-1A3956D46DE8}") = "src", "src", "{82223BC2-FD46-45B7-8714-A1BBB6FACC0E}"
EndProject
Project("{2150E333-8FDC-42A3-9474-1A3956D46DE8}") = "tests", "tests", "{FCFAE99C-C28A-44B7-A7BE-F9D5481C35B9}"
EndProject
Project("{9A19103F-16F7-4668-BE54-9A1E7A4F7556}") = "GladNet.Common.API", "src\GladNet.Common.API\GladNet.Common.API.csproj", "{73D89BA6-A1F7-46A3-8B2D-2635BEBECAAD}"
EndProject
Project("{9A19103F-16F7-4668-BE54-9A1E7A4F7556}") = "GladNet.Client.API", "src\GladNet.Client.API\GladNet.Client.API.csproj", "{C1BEA325-ACC8-411E-85A4-E99AA88A58B7}"
EndProject
Project("{9A19103F-16F7-4668-BE54-9A1E7A4F7556}") = "GladNet.Crypto.API", "src\GladNet.Crypto.API\GladNet.Crypto.API.csproj", "{5670C10B-2B94-4F7D-B360-6430CC2E7421}"
EndProject
Project("{9A19103F-16F7-4668-BE54-9A1E7A4F7556}") = "GladNet.Serializer.API", "src\GladNet.Serializer.API\GladNet.Serializer.API.csproj", "{9388DDF7-E87E-4208-8322-4FB08499917F}"
EndProject
Project("{FAE04EC0-301F-11D3-BF4B-00C04F79EFBC}") = "GladNet.API.Tests", "tests\GladNet.API.Tests\GladNet.API.Tests.csproj", "{F32AAA31-0360-462C-A350-A08F9616BC91}"
EndProject
Project("{2150E333-8FDC-42A3-9474-1A3956D46DE8}") = "Client", "Client", "{BCA47162-D2D9-4D42-B465-2F8BF07725C8}"
EndProject
Project("{FAE04EC0-301F-11D3-BF4B-00C04F79EFBC}") = "GladNet.Client.DotNetTcpClient", "src\GladNet.Client.DotNetTcpClient\GladNet.Client.DotNetTcpClient.csproj", "{8F565E9D-75F6-4EBD-A349-3990700186F3}"
EndProject
Project("{2150E333-8FDC-42A3-9474-1A3956D46DE8}") = "Serializers", "Serializers", "{B9A965D0-0A06-458C-8386-F2E8566F0354}"
EndProject
Project("{FAE04EC0-301F-11D3-BF4B-00C04F79EFBC}") = "GladNet.Serializer.FreecraftCore", "src\GladNet.Serializer.FreecraftCore\GladNet.Serializer.FreecraftCore.csproj", "{4341BE36-CCFB-4D40-BD51-6016FED107DE}"
EndProject
Project("{FAE04EC0-301F-11D3-BF4B-00C04F79EFBC}") = "GladNet.Handler.API", "src\GladNet.Handler.API\GladNet.Handler.API.csproj", "{7E8E6190-2F59-479D-A1C6-85445E1B11DD}"
EndProject
Global
	GlobalSection(SolutionConfigurationPlatforms) = preSolution
		Debug|Any CPU = Debug|Any CPU
		Release|Any CPU = Release|Any CPU
	EndGlobalSection
	GlobalSection(ProjectConfigurationPlatforms) = postSolution
		{73D89BA6-A1F7-46A3-8B2D-2635BEBECAAD}.Debug|Any CPU.ActiveCfg = Debug|Any CPU
		{73D89BA6-A1F7-46A3-8B2D-2635BEBECAAD}.Debug|Any CPU.Build.0 = Debug|Any CPU
		{73D89BA6-A1F7-46A3-8B2D-2635BEBECAAD}.Release|Any CPU.ActiveCfg = Release|Any CPU
		{73D89BA6-A1F7-46A3-8B2D-2635BEBECAAD}.Release|Any CPU.Build.0 = Release|Any CPU
		{C1BEA325-ACC8-411E-85A4-E99AA88A58B7}.Debug|Any CPU.ActiveCfg = Debug|Any CPU
		{C1BEA325-ACC8-411E-85A4-E99AA88A58B7}.Debug|Any CPU.Build.0 = Debug|Any CPU
		{C1BEA325-ACC8-411E-85A4-E99AA88A58B7}.Release|Any CPU.ActiveCfg = Release|Any CPU
		{C1BEA325-ACC8-411E-85A4-E99AA88A58B7}.Release|Any CPU.Build.0 = Release|Any CPU
		{5670C10B-2B94-4F7D-B360-6430CC2E7421}.Debug|Any CPU.ActiveCfg = Debug|Any CPU
		{5670C10B-2B94-4F7D-B360-6430CC2E7421}.Debug|Any CPU.Build.0 = Debug|Any CPU
		{5670C10B-2B94-4F7D-B360-6430CC2E7421}.Release|Any CPU.ActiveCfg = Release|Any CPU
		{5670C10B-2B94-4F7D-B360-6430CC2E7421}.Release|Any CPU.Build.0 = Release|Any CPU
		{9388DDF7-E87E-4208-8322-4FB08499917F}.Debug|Any CPU.ActiveCfg = Debug|Any CPU
		{9388DDF7-E87E-4208-8322-4FB08499917F}.Debug|Any CPU.Build.0 = Debug|Any CPU
		{9388DDF7-E87E-4208-8322-4FB08499917F}.Release|Any CPU.ActiveCfg = Release|Any CPU
		{9388DDF7-E87E-4208-8322-4FB08499917F}.Release|Any CPU.Build.0 = Release|Any CPU
		{F32AAA31-0360-462C-A350-A08F9616BC91}.Debug|Any CPU.ActiveCfg = Debug|Any CPU
		{F32AAA31-0360-462C-A350-A08F9616BC91}.Debug|Any CPU.Build.0 = Debug|Any CPU
		{F32AAA31-0360-462C-A350-A08F9616BC91}.Release|Any CPU.ActiveCfg = Release|Any CPU
		{F32AAA31-0360-462C-A350-A08F9616BC91}.Release|Any CPU.Build.0 = Release|Any CPU
		{8F565E9D-75F6-4EBD-A349-3990700186F3}.Debug|Any CPU.ActiveCfg = Debug|Any CPU
		{8F565E9D-75F6-4EBD-A349-3990700186F3}.Debug|Any CPU.Build.0 = Debug|Any CPU
		{8F565E9D-75F6-4EBD-A349-3990700186F3}.Release|Any CPU.ActiveCfg = Release|Any CPU
		{8F565E9D-75F6-4EBD-A349-3990700186F3}.Release|Any CPU.Build.0 = Release|Any CPU
		{4341BE36-CCFB-4D40-BD51-6016FED107DE}.Debug|Any CPU.ActiveCfg = Debug|Any CPU
		{4341BE36-CCFB-4D40-BD51-6016FED107DE}.Debug|Any CPU.Build.0 = Debug|Any CPU
		{4341BE36-CCFB-4D40-BD51-6016FED107DE}.Release|Any CPU.ActiveCfg = Release|Any CPU
		{4341BE36-CCFB-4D40-BD51-6016FED107DE}.Release|Any CPU.Build.0 = Release|Any CPU
		{7E8E6190-2F59-479D-A1C6-85445E1B11DD}.Debug|Any CPU.ActiveCfg = Debug|Any CPU
		{7E8E6190-2F59-479D-A1C6-85445E1B11DD}.Debug|Any CPU.Build.0 = Debug|Any CPU
		{7E8E6190-2F59-479D-A1C6-85445E1B11DD}.Release|Any CPU.ActiveCfg = Release|Any CPU
		{7E8E6190-2F59-479D-A1C6-85445E1B11DD}.Release|Any CPU.Build.0 = Release|Any CPU
	EndGlobalSection
	GlobalSection(SolutionProperties) = preSolution
		HideSolutionNode = FALSE
	EndGlobalSection
	GlobalSection(NestedProjects) = preSolution
		{73D89BA6-A1F7-46A3-8B2D-2635BEBECAAD} = {82223BC2-FD46-45B7-8714-A1BBB6FACC0E}
		{C1BEA325-ACC8-411E-85A4-E99AA88A58B7} = {82223BC2-FD46-45B7-8714-A1BBB6FACC0E}
		{5670C10B-2B94-4F7D-B360-6430CC2E7421} = {82223BC2-FD46-45B7-8714-A1BBB6FACC0E}
		{9388DDF7-E87E-4208-8322-4FB08499917F} = {82223BC2-FD46-45B7-8714-A1BBB6FACC0E}
		{F32AAA31-0360-462C-A350-A08F9616BC91} = {FCFAE99C-C28A-44B7-A7BE-F9D5481C35B9}
		{BCA47162-D2D9-4D42-B465-2F8BF07725C8} = {82223BC2-FD46-45B7-8714-A1BBB6FACC0E}
		{8F565E9D-75F6-4EBD-A349-3990700186F3} = {BCA47162-D2D9-4D42-B465-2F8BF07725C8}
		{B9A965D0-0A06-458C-8386-F2E8566F0354} = {82223BC2-FD46-45B7-8714-A1BBB6FACC0E}
		{4341BE36-CCFB-4D40-BD51-6016FED107DE} = {B9A965D0-0A06-458C-8386-F2E8566F0354}
		{7E8E6190-2F59-479D-A1C6-85445E1B11DD} = {82223BC2-FD46-45B7-8714-A1BBB6FACC0E}
	EndGlobalSection
	GlobalSection(ExtensibilityGlobals) = postSolution
		SolutionGuid = {886DD3D7-35E3-42F0-8CE9-74FB5AD7BBD0}
	EndGlobalSection
EndGlobal
