
Microsoft Visual Studio Solution File, Format Version 12.00
# Visual Studio 14
VisualStudioVersion = 14.0.25029.0
MinimumVisualStudioVersion = 10.0.40219.1
Project("{FAE04EC0-301F-11D3-BF4B-00C04F79EFBC}") = "GladNet.Common", "src\GladNet.Common\GladNet.Common.csproj", "{9603BBAF-5F68-4176-A032-3E8BEAF8F9E2}"
	ProjectSection(ProjectDependencies) = postProject
		{DDEB13BB-C96D-4192-B2FD-2D0CA467075C} = {DDEB13BB-C96D-4192-B2FD-2D0CA467075C}
	EndProjectSection
EndProject
Project("{FAE04EC0-301F-11D3-BF4B-00C04F79EFBC}") = "GladNet.Common.Tests", "tests\GladNet.Common.Tests\GladNet.Common.Tests.csproj", "{EF9106DE-CE6A-4519-9FE9-D52F1557D068}"
	ProjectSection(ProjectDependencies) = postProject
		{DDEB13BB-C96D-4192-B2FD-2D0CA467075C} = {DDEB13BB-C96D-4192-B2FD-2D0CA467075C}
	EndProjectSection
EndProject
Project("{FAE04EC0-301F-11D3-BF4B-00C04F79EFBC}") = "GladNet.Server.Common.Tests", "tests\GladNet.Server.Common.Tests\GladNet.Server.Common.Tests.csproj", "{775159C9-CF85-4C21-BEBF-9BD2AB9038E7}"
EndProject
Project("{FAE04EC0-301F-11D3-BF4B-00C04F79EFBC}") = "GladNet.Server.Common", "src\GladNet.Server.Common\GladNet.Server.Common.csproj", "{8B05F085-D102-4D2F-A643-8E3734AD6F97}"
EndProject
Project("{2150E333-8FDC-42A3-9474-1A3956D46DE8}") = "tests", "tests", "{B973C665-3190-46EE-BFB6-811CD75ACC07}"
EndProject
Project("{2150E333-8FDC-42A3-9474-1A3956D46DE8}") = "src", "src", "{0955E7B1-0BFB-4058-9469-29FF5FF4AA28}"
EndProject
Project("{FAE04EC0-301F-11D3-BF4B-00C04F79EFBC}") = "GladNet.Serializer", "src\GladNet.Serializer\GladNet.Serializer.csproj", "{DDEB13BB-C96D-4192-B2FD-2D0CA467075C}"
EndProject
Project("{FAE04EC0-301F-11D3-BF4B-00C04F79EFBC}") = "GladNet.Serializer.Tests", "tests\GladNet.Serializer.Tests\GladNet.Serializer.Tests.csproj", "{AD2D7595-3068-495C-942C-CE9F18AB789B}"
EndProject
Project("{FAE04EC0-301F-11D3-BF4B-00C04F79EFBC}") = "GladNet.Payload", "src\GladNet.Payload\GladNet.Payload.csproj", "{862F3FD5-4FDA-43D8-9FA1-D2179D695338}"
EndProject
Global
	GlobalSection(SolutionConfigurationPlatforms) = preSolution
		Debug|Any CPU = Debug|Any CPU
		EndUser|Any CPU = EndUser|Any CPU
		Release|Any CPU = Release|Any CPU
	EndGlobalSection
	GlobalSection(ProjectConfigurationPlatforms) = postSolution
		{9603BBAF-5F68-4176-A032-3E8BEAF8F9E2}.Debug|Any CPU.ActiveCfg = Debug|Any CPU
		{9603BBAF-5F68-4176-A032-3E8BEAF8F9E2}.Debug|Any CPU.Build.0 = Debug|Any CPU
		{9603BBAF-5F68-4176-A032-3E8BEAF8F9E2}.EndUser|Any CPU.ActiveCfg = EndUser|Any CPU
		{9603BBAF-5F68-4176-A032-3E8BEAF8F9E2}.EndUser|Any CPU.Build.0 = EndUser|Any CPU
		{9603BBAF-5F68-4176-A032-3E8BEAF8F9E2}.Release|Any CPU.ActiveCfg = Release|Any CPU
		{9603BBAF-5F68-4176-A032-3E8BEAF8F9E2}.Release|Any CPU.Build.0 = Release|Any CPU
		{EF9106DE-CE6A-4519-9FE9-D52F1557D068}.Debug|Any CPU.ActiveCfg = Debug|Any CPU
		{EF9106DE-CE6A-4519-9FE9-D52F1557D068}.Debug|Any CPU.Build.0 = Debug|Any CPU
		{EF9106DE-CE6A-4519-9FE9-D52F1557D068}.EndUser|Any CPU.ActiveCfg = Release|Any CPU
		{EF9106DE-CE6A-4519-9FE9-D52F1557D068}.EndUser|Any CPU.Build.0 = Release|Any CPU
		{EF9106DE-CE6A-4519-9FE9-D52F1557D068}.Release|Any CPU.ActiveCfg = Release|Any CPU
		{EF9106DE-CE6A-4519-9FE9-D52F1557D068}.Release|Any CPU.Build.0 = Release|Any CPU
		{775159C9-CF85-4C21-BEBF-9BD2AB9038E7}.Debug|Any CPU.ActiveCfg = Debug|Any CPU
		{775159C9-CF85-4C21-BEBF-9BD2AB9038E7}.Debug|Any CPU.Build.0 = Debug|Any CPU
		{775159C9-CF85-4C21-BEBF-9BD2AB9038E7}.EndUser|Any CPU.ActiveCfg = Release|Any CPU
		{775159C9-CF85-4C21-BEBF-9BD2AB9038E7}.EndUser|Any CPU.Build.0 = Release|Any CPU
		{775159C9-CF85-4C21-BEBF-9BD2AB9038E7}.Release|Any CPU.ActiveCfg = Release|Any CPU
		{775159C9-CF85-4C21-BEBF-9BD2AB9038E7}.Release|Any CPU.Build.0 = Release|Any CPU
		{8B05F085-D102-4D2F-A643-8E3734AD6F97}.Debug|Any CPU.ActiveCfg = Debug|Any CPU
		{8B05F085-D102-4D2F-A643-8E3734AD6F97}.Debug|Any CPU.Build.0 = Debug|Any CPU
		{8B05F085-D102-4D2F-A643-8E3734AD6F97}.EndUser|Any CPU.ActiveCfg = Release|Any CPU
		{8B05F085-D102-4D2F-A643-8E3734AD6F97}.EndUser|Any CPU.Build.0 = Release|Any CPU
		{8B05F085-D102-4D2F-A643-8E3734AD6F97}.Release|Any CPU.ActiveCfg = Release|Any CPU
		{8B05F085-D102-4D2F-A643-8E3734AD6F97}.Release|Any CPU.Build.0 = Release|Any CPU
		{DDEB13BB-C96D-4192-B2FD-2D0CA467075C}.Debug|Any CPU.ActiveCfg = Debug|Any CPU
		{DDEB13BB-C96D-4192-B2FD-2D0CA467075C}.Debug|Any CPU.Build.0 = Debug|Any CPU
		{DDEB13BB-C96D-4192-B2FD-2D0CA467075C}.EndUser|Any CPU.ActiveCfg = Release|Any CPU
		{DDEB13BB-C96D-4192-B2FD-2D0CA467075C}.EndUser|Any CPU.Build.0 = Release|Any CPU
		{DDEB13BB-C96D-4192-B2FD-2D0CA467075C}.Release|Any CPU.ActiveCfg = Release|Any CPU
		{DDEB13BB-C96D-4192-B2FD-2D0CA467075C}.Release|Any CPU.Build.0 = Release|Any CPU
		{AD2D7595-3068-495C-942C-CE9F18AB789B}.Debug|Any CPU.ActiveCfg = Debug|Any CPU
		{AD2D7595-3068-495C-942C-CE9F18AB789B}.Debug|Any CPU.Build.0 = Debug|Any CPU
		{AD2D7595-3068-495C-942C-CE9F18AB789B}.EndUser|Any CPU.ActiveCfg = Release|Any CPU
		{AD2D7595-3068-495C-942C-CE9F18AB789B}.EndUser|Any CPU.Build.0 = Release|Any CPU
		{AD2D7595-3068-495C-942C-CE9F18AB789B}.Release|Any CPU.ActiveCfg = Release|Any CPU
		{AD2D7595-3068-495C-942C-CE9F18AB789B}.Release|Any CPU.Build.0 = Release|Any CPU
		{862F3FD5-4FDA-43D8-9FA1-D2179D695338}.Debug|Any CPU.ActiveCfg = Debug|Any CPU
		{862F3FD5-4FDA-43D8-9FA1-D2179D695338}.Debug|Any CPU.Build.0 = Debug|Any CPU
		{862F3FD5-4FDA-43D8-9FA1-D2179D695338}.EndUser|Any CPU.ActiveCfg = Release|Any CPU
		{862F3FD5-4FDA-43D8-9FA1-D2179D695338}.EndUser|Any CPU.Build.0 = Release|Any CPU
		{862F3FD5-4FDA-43D8-9FA1-D2179D695338}.Release|Any CPU.ActiveCfg = Release|Any CPU
		{862F3FD5-4FDA-43D8-9FA1-D2179D695338}.Release|Any CPU.Build.0 = Release|Any CPU
	EndGlobalSection
	GlobalSection(SolutionProperties) = preSolution
		HideSolutionNode = FALSE
	EndGlobalSection
	GlobalSection(NestedProjects) = preSolution
		{9603BBAF-5F68-4176-A032-3E8BEAF8F9E2} = {0955E7B1-0BFB-4058-9469-29FF5FF4AA28}
		{EF9106DE-CE6A-4519-9FE9-D52F1557D068} = {B973C665-3190-46EE-BFB6-811CD75ACC07}
		{775159C9-CF85-4C21-BEBF-9BD2AB9038E7} = {B973C665-3190-46EE-BFB6-811CD75ACC07}
		{8B05F085-D102-4D2F-A643-8E3734AD6F97} = {0955E7B1-0BFB-4058-9469-29FF5FF4AA28}
		{DDEB13BB-C96D-4192-B2FD-2D0CA467075C} = {0955E7B1-0BFB-4058-9469-29FF5FF4AA28}
		{AD2D7595-3068-495C-942C-CE9F18AB789B} = {B973C665-3190-46EE-BFB6-811CD75ACC07}
		{862F3FD5-4FDA-43D8-9FA1-D2179D695338} = {0955E7B1-0BFB-4058-9469-29FF5FF4AA28}
	EndGlobalSection
EndGlobal
