
Microsoft Visual Studio Solution File, Format Version 12.00
# Visual Studio 15
VisualStudioVersion = 15.0.26430.13
MinimumVisualStudioVersion = 10.0.40219.1
Project("{FAE04EC0-301F-11D3-BF4B-00C04F79EFBC}") = "GladNet.Common", "src\GladNet.Common\GladNet.Common.csproj", "{9603BBAF-5F68-4176-A032-3E8BEAF8F9E2}"
	ProjectSection(ProjectDependencies) = postProject
		{DDEB13BB-C96D-4192-B2FD-2D0CA467075C} = {DDEB13BB-C96D-4192-B2FD-2D0CA467075C}
	EndProjectSection
EndProject
Project("{2150E333-8FDC-42A3-9474-1A3956D46DE8}") = "tests", "tests", "{B973C665-3190-46EE-BFB6-811CD75ACC07}"
EndProject
Project("{2150E333-8FDC-42A3-9474-1A3956D46DE8}") = "src", "src", "{0955E7B1-0BFB-4058-9469-29FF5FF4AA28}"
EndProject
Project("{FAE04EC0-301F-11D3-BF4B-00C04F79EFBC}") = "GladNet.Serializer", "src\GladNet.Serializer\GladNet.Serializer.csproj", "{DDEB13BB-C96D-4192-B2FD-2D0CA467075C}"
EndProject
Project("{FAE04EC0-301F-11D3-BF4B-00C04F79EFBC}") = "GladNet.Serializer.Tests", "tests\GladNet.Serializer.Tests\GladNet.Serializer.Tests.csproj", "{AD2D7595-3068-495C-942C-CE9F18AB789B}"
EndProject
Project("{FAE04EC0-301F-11D3-BF4B-00C04F79EFBC}") = "GladNet.Payload", "src\GladNet.Payload\GladNet.Payload.csproj", "{862F3FD5-4FDA-43D8-9FA1-D2179D695338}"
EndProject
Project("{FAE04EC0-301F-11D3-BF4B-00C04F79EFBC}") = "GladNet.Message", "src\GladNet.Message\GladNet.Message.csproj", "{0FA4728F-7096-4996-8385-5BF5CC00B6FC}"
EndProject
Project("{FAE04EC0-301F-11D3-BF4B-00C04F79EFBC}") = "GladNet.Encryption", "src\GladNet.Encryption\GladNet.Encryption.csproj", "{BC813BFB-016B-4C85-B613-857F8C377BE3}"
EndProject
Project("{FAE04EC0-301F-11D3-BF4B-00C04F79EFBC}") = "GladNet.Engine.Common", "src\GladNet.Engine.Common\GladNet.Engine.Common.csproj", "{17C60530-5A42-429E-9B88-6273552C7913}"
EndProject
Project("{FAE04EC0-301F-11D3-BF4B-00C04F79EFBC}") = "GladNet.Engine.Server", "src\GladNet.Engine.Server\GladNet.Engine.Server.csproj", "{8B05F085-D102-4D2F-A643-8E3734AD6F97}"
EndProject
Project("{FAE04EC0-301F-11D3-BF4B-00C04F79EFBC}") = "GladNet.Message.Tests", "tests\GladNet.Message.Tests\GladNet.Message.Tests.csproj", "{E92B8019-F1D4-4CE2-85E6-1F75A4453F20}"
EndProject
Project("{FAE04EC0-301F-11D3-BF4B-00C04F79EFBC}") = "GladNet.Engine.Common.Tests", "tests\GladNet.Engine.Common.Tests\GladNet.Engine.Common.Tests.csproj", "{EA3C7D16-2AF7-4A5C-BED3-71B1716193D0}"
EndProject
Project("{FAE04EC0-301F-11D3-BF4B-00C04F79EFBC}") = "GladNet.Engine.Server.Tests", "tests\GladNet.Engine.Server.Tests\GladNet.Engine.Server.Tests.csproj", "{8FBC282E-2C52-4963-BAB3-7C1A11C4FDE7}"
EndProject
Project("{FAE04EC0-301F-11D3-BF4B-00C04F79EFBC}") = "GladNet.Message.Handlers", "src\GladNet.Message.Handlers\GladNet.Message.Handlers.csproj", "{F386635D-0C22-4666-AD39-3DDD9B62B72F}"
EndProject
Project("{FAE04EC0-301F-11D3-BF4B-00C04F79EFBC}") = "GladNet.Message.Handlers.Tests", "tests\GladNet.Message.Handlers.Tests\GladNet.Message.Handlers.Tests.csproj", "{E93EDACE-E222-4680-A080-9AE2F0C5A966}"
EndProject
Project("{2150E333-8FDC-42A3-9474-1A3956D46DE8}") = "Serializers", "Serializers", "{6B99C269-B4DC-49A5-8A34-271CFACAB289}"
EndProject
Project("{FAE04EC0-301F-11D3-BF4B-00C04F79EFBC}") = "GladNet.Serializer.Protobuf", "src\GladNet.Serializer.Protobuf\GladNet.Serializer.Protobuf.csproj", "{7CE4020C-9052-48D8-AB62-686D701D2554}"
EndProject
Project("{FAE04EC0-301F-11D3-BF4B-00C04F79EFBC}") = "GladNet.Serializer.Protobuf.Tests", "tests\GladNet.Serializer.Protobuf.Tests\GladNet.Serializer.Protobuf.Tests.csproj", "{0898E624-4FA0-4F2F-BBD6-82BF470F427B}"
EndProject
Project("{2150E333-8FDC-42A3-9474-1A3956D46DE8}") = "Implementations", "Implementations", "{E2547494-04F9-4977-809B-2976F21F87E8}"
EndProject
Project("{2150E333-8FDC-42A3-9474-1A3956D46DE8}") = "Lidgren", "Lidgren", "{78B43A82-A1B4-4437-81E3-F9511B952BDF}"
EndProject
Project("{FAE04EC0-301F-11D3-BF4B-00C04F79EFBC}") = "GladNet.Lidgren.Client", "src\GladNet.Lidgren.Client\GladNet.Lidgren.Client.csproj", "{F9EBC3CC-4176-4174-A1E8-69985EB5421E}"
EndProject
Project("{FAE04EC0-301F-11D3-BF4B-00C04F79EFBC}") = "GladNet.Lidgren.Client.Unity", "src\GladNet.Lidgren.Client.Unity\GladNet.Lidgren.Client.Unity.csproj", "{51B596E7-CC99-4062-9887-84D38442E5C2}"
EndProject
Project("{FAE04EC0-301F-11D3-BF4B-00C04F79EFBC}") = "GladNet.Lidgren.Common", "src\GladNet.Lidgren.Common\GladNet.Lidgren.Common.csproj", "{651156CD-DE54-4F5A-99BD-290460EB57FB}"
EndProject
Project("{FAE04EC0-301F-11D3-BF4B-00C04F79EFBC}") = "GladNet.Lidgren.Engine.Common", "src\GladNet.Lidgren.Engine.Common\GladNet.Lidgren.Engine.Common.csproj", "{3F4E7114-C269-43A5-B919-0C65F1B98091}"
EndProject
Project("{FAE04EC0-301F-11D3-BF4B-00C04F79EFBC}") = "GladNet.Lidgren.Server", "src\GladNet.Lidgren.Server\GladNet.Lidgren.Server.csproj", "{30D892A8-D24F-49AC-AAE6-61F3E2DCD248}"
EndProject
Project("{FAE04EC0-301F-11D3-BF4B-00C04F79EFBC}") = "GladNet.Lidgren.Server.Application", "src\GladNet.Lidgren.Server.Application\GladNet.Lidgren.Server.Application.csproj", "{066BC047-0330-4437-9AFE-1D4250FBABF8}"
EndProject
Project("{FAE04EC0-301F-11D3-BF4B-00C04F79EFBC}") = "GladNet.Lidgren.Server.Unity", "src\GladNet.Lidgren.Server.Unity\GladNet.Lidgren.Server.Unity.csproj", "{783B9217-A390-4685-A298-94E01FB35D44}"
EndProject
Project("{2150E333-8FDC-42A3-9474-1A3956D46DE8}") = "Implementations", "Implementations", "{821D65D7-22D3-432C-8494-0C70B8347BF5}"
EndProject
Project("{FAE04EC0-301F-11D3-BF4B-00C04F79EFBC}") = "GladNet.Lidgren.Tests", "tests\GladNet.Lidgren.Tests\GladNet.Lidgren.Tests.csproj", "{C347D10D-790F-4030-833B-633CFBF4218C}"
EndProject
Global
	GlobalSection(SolutionConfigurationPlatforms) = preSolution
		Debug|Any CPU = Debug|Any CPU
		EndUser|Any CPU = EndUser|Any CPU
		Release|Any CPU = Release|Any CPU
	EndGlobalSection
	GlobalSection(ProjectConfigurationPlatforms) = postSolution
		{9603BBAF-5F68-4176-A032-3E8BEAF8F9E2}.Debug|Any CPU.ActiveCfg = Debug|Any CPU
		{9603BBAF-5F68-4176-A032-3E8BEAF8F9E2}.Debug|Any CPU.Build.0 = Debug|Any CPU
		{9603BBAF-5F68-4176-A032-3E8BEAF8F9E2}.EndUser|Any CPU.ActiveCfg = Release|Any CPU
		{9603BBAF-5F68-4176-A032-3E8BEAF8F9E2}.EndUser|Any CPU.Build.0 = Release|Any CPU
		{9603BBAF-5F68-4176-A032-3E8BEAF8F9E2}.Release|Any CPU.ActiveCfg = Release|Any CPU
		{9603BBAF-5F68-4176-A032-3E8BEAF8F9E2}.Release|Any CPU.Build.0 = Release|Any CPU
		{DDEB13BB-C96D-4192-B2FD-2D0CA467075C}.Debug|Any CPU.ActiveCfg = Debug|Any CPU
		{DDEB13BB-C96D-4192-B2FD-2D0CA467075C}.Debug|Any CPU.Build.0 = Debug|Any CPU
		{DDEB13BB-C96D-4192-B2FD-2D0CA467075C}.EndUser|Any CPU.ActiveCfg = Release|Any CPU
		{DDEB13BB-C96D-4192-B2FD-2D0CA467075C}.EndUser|Any CPU.Build.0 = Release|Any CPU
		{DDEB13BB-C96D-4192-B2FD-2D0CA467075C}.Release|Any CPU.ActiveCfg = Release|Any CPU
		{DDEB13BB-C96D-4192-B2FD-2D0CA467075C}.Release|Any CPU.Build.0 = Release|Any CPU
		{AD2D7595-3068-495C-942C-CE9F18AB789B}.Debug|Any CPU.ActiveCfg = Debug|Any CPU
		{AD2D7595-3068-495C-942C-CE9F18AB789B}.Debug|Any CPU.Build.0 = Debug|Any CPU
		{AD2D7595-3068-495C-942C-CE9F18AB789B}.EndUser|Any CPU.ActiveCfg = EndUser|Any CPU
		{AD2D7595-3068-495C-942C-CE9F18AB789B}.EndUser|Any CPU.Build.0 = EndUser|Any CPU
		{AD2D7595-3068-495C-942C-CE9F18AB789B}.Release|Any CPU.ActiveCfg = Release|Any CPU
		{AD2D7595-3068-495C-942C-CE9F18AB789B}.Release|Any CPU.Build.0 = Release|Any CPU
		{862F3FD5-4FDA-43D8-9FA1-D2179D695338}.Debug|Any CPU.ActiveCfg = Debug|Any CPU
		{862F3FD5-4FDA-43D8-9FA1-D2179D695338}.Debug|Any CPU.Build.0 = Debug|Any CPU
		{862F3FD5-4FDA-43D8-9FA1-D2179D695338}.EndUser|Any CPU.ActiveCfg = Release|Any CPU
		{862F3FD5-4FDA-43D8-9FA1-D2179D695338}.EndUser|Any CPU.Build.0 = Release|Any CPU
		{862F3FD5-4FDA-43D8-9FA1-D2179D695338}.Release|Any CPU.ActiveCfg = Release|Any CPU
		{862F3FD5-4FDA-43D8-9FA1-D2179D695338}.Release|Any CPU.Build.0 = Release|Any CPU
		{0FA4728F-7096-4996-8385-5BF5CC00B6FC}.Debug|Any CPU.ActiveCfg = Debug|Any CPU
		{0FA4728F-7096-4996-8385-5BF5CC00B6FC}.Debug|Any CPU.Build.0 = Debug|Any CPU
		{0FA4728F-7096-4996-8385-5BF5CC00B6FC}.EndUser|Any CPU.ActiveCfg = Release|Any CPU
		{0FA4728F-7096-4996-8385-5BF5CC00B6FC}.EndUser|Any CPU.Build.0 = Release|Any CPU
		{0FA4728F-7096-4996-8385-5BF5CC00B6FC}.Release|Any CPU.ActiveCfg = Release|Any CPU
		{0FA4728F-7096-4996-8385-5BF5CC00B6FC}.Release|Any CPU.Build.0 = Release|Any CPU
		{BC813BFB-016B-4C85-B613-857F8C377BE3}.Debug|Any CPU.ActiveCfg = Debug|Any CPU
		{BC813BFB-016B-4C85-B613-857F8C377BE3}.Debug|Any CPU.Build.0 = Debug|Any CPU
		{BC813BFB-016B-4C85-B613-857F8C377BE3}.EndUser|Any CPU.ActiveCfg = Release|Any CPU
		{BC813BFB-016B-4C85-B613-857F8C377BE3}.EndUser|Any CPU.Build.0 = Release|Any CPU
		{BC813BFB-016B-4C85-B613-857F8C377BE3}.Release|Any CPU.ActiveCfg = Release|Any CPU
		{BC813BFB-016B-4C85-B613-857F8C377BE3}.Release|Any CPU.Build.0 = Release|Any CPU
		{17C60530-5A42-429E-9B88-6273552C7913}.Debug|Any CPU.ActiveCfg = Debug|Any CPU
		{17C60530-5A42-429E-9B88-6273552C7913}.Debug|Any CPU.Build.0 = Debug|Any CPU
		{17C60530-5A42-429E-9B88-6273552C7913}.EndUser|Any CPU.ActiveCfg = Release|Any CPU
		{17C60530-5A42-429E-9B88-6273552C7913}.EndUser|Any CPU.Build.0 = Release|Any CPU
		{17C60530-5A42-429E-9B88-6273552C7913}.Release|Any CPU.ActiveCfg = Release|Any CPU
		{17C60530-5A42-429E-9B88-6273552C7913}.Release|Any CPU.Build.0 = Release|Any CPU
		{8B05F085-D102-4D2F-A643-8E3734AD6F97}.Debug|Any CPU.ActiveCfg = Debug|Any CPU
		{8B05F085-D102-4D2F-A643-8E3734AD6F97}.Debug|Any CPU.Build.0 = Debug|Any CPU
		{8B05F085-D102-4D2F-A643-8E3734AD6F97}.EndUser|Any CPU.ActiveCfg = Release|Any CPU
		{8B05F085-D102-4D2F-A643-8E3734AD6F97}.EndUser|Any CPU.Build.0 = Release|Any CPU
		{8B05F085-D102-4D2F-A643-8E3734AD6F97}.Release|Any CPU.ActiveCfg = Release|Any CPU
		{8B05F085-D102-4D2F-A643-8E3734AD6F97}.Release|Any CPU.Build.0 = Release|Any CPU
		{E92B8019-F1D4-4CE2-85E6-1F75A4453F20}.Debug|Any CPU.ActiveCfg = Debug|Any CPU
		{E92B8019-F1D4-4CE2-85E6-1F75A4453F20}.Debug|Any CPU.Build.0 = Debug|Any CPU
		{E92B8019-F1D4-4CE2-85E6-1F75A4453F20}.EndUser|Any CPU.ActiveCfg = Release|Any CPU
		{E92B8019-F1D4-4CE2-85E6-1F75A4453F20}.EndUser|Any CPU.Build.0 = Release|Any CPU
		{E92B8019-F1D4-4CE2-85E6-1F75A4453F20}.Release|Any CPU.ActiveCfg = Release|Any CPU
		{E92B8019-F1D4-4CE2-85E6-1F75A4453F20}.Release|Any CPU.Build.0 = Release|Any CPU
		{EA3C7D16-2AF7-4A5C-BED3-71B1716193D0}.Debug|Any CPU.ActiveCfg = Debug|Any CPU
		{EA3C7D16-2AF7-4A5C-BED3-71B1716193D0}.Debug|Any CPU.Build.0 = Debug|Any CPU
		{EA3C7D16-2AF7-4A5C-BED3-71B1716193D0}.EndUser|Any CPU.ActiveCfg = Release|Any CPU
		{EA3C7D16-2AF7-4A5C-BED3-71B1716193D0}.EndUser|Any CPU.Build.0 = Release|Any CPU
		{EA3C7D16-2AF7-4A5C-BED3-71B1716193D0}.Release|Any CPU.ActiveCfg = Release|Any CPU
		{EA3C7D16-2AF7-4A5C-BED3-71B1716193D0}.Release|Any CPU.Build.0 = Release|Any CPU
		{8FBC282E-2C52-4963-BAB3-7C1A11C4FDE7}.Debug|Any CPU.ActiveCfg = Debug|Any CPU
		{8FBC282E-2C52-4963-BAB3-7C1A11C4FDE7}.Debug|Any CPU.Build.0 = Debug|Any CPU
		{8FBC282E-2C52-4963-BAB3-7C1A11C4FDE7}.EndUser|Any CPU.ActiveCfg = Release|Any CPU
		{8FBC282E-2C52-4963-BAB3-7C1A11C4FDE7}.EndUser|Any CPU.Build.0 = Release|Any CPU
		{8FBC282E-2C52-4963-BAB3-7C1A11C4FDE7}.Release|Any CPU.ActiveCfg = Release|Any CPU
		{8FBC282E-2C52-4963-BAB3-7C1A11C4FDE7}.Release|Any CPU.Build.0 = Release|Any CPU
		{F386635D-0C22-4666-AD39-3DDD9B62B72F}.Debug|Any CPU.ActiveCfg = Debug|Any CPU
		{F386635D-0C22-4666-AD39-3DDD9B62B72F}.Debug|Any CPU.Build.0 = Debug|Any CPU
		{F386635D-0C22-4666-AD39-3DDD9B62B72F}.EndUser|Any CPU.ActiveCfg = Release|Any CPU
		{F386635D-0C22-4666-AD39-3DDD9B62B72F}.EndUser|Any CPU.Build.0 = Release|Any CPU
		{F386635D-0C22-4666-AD39-3DDD9B62B72F}.Release|Any CPU.ActiveCfg = Release|Any CPU
		{F386635D-0C22-4666-AD39-3DDD9B62B72F}.Release|Any CPU.Build.0 = Release|Any CPU
		{E93EDACE-E222-4680-A080-9AE2F0C5A966}.Debug|Any CPU.ActiveCfg = Debug|Any CPU
		{E93EDACE-E222-4680-A080-9AE2F0C5A966}.Debug|Any CPU.Build.0 = Debug|Any CPU
		{E93EDACE-E222-4680-A080-9AE2F0C5A966}.EndUser|Any CPU.ActiveCfg = Release|Any CPU
		{E93EDACE-E222-4680-A080-9AE2F0C5A966}.EndUser|Any CPU.Build.0 = Release|Any CPU
		{E93EDACE-E222-4680-A080-9AE2F0C5A966}.Release|Any CPU.ActiveCfg = Release|Any CPU
		{E93EDACE-E222-4680-A080-9AE2F0C5A966}.Release|Any CPU.Build.0 = Release|Any CPU
		{7CE4020C-9052-48D8-AB62-686D701D2554}.Debug|Any CPU.ActiveCfg = Debug|Any CPU
		{7CE4020C-9052-48D8-AB62-686D701D2554}.Debug|Any CPU.Build.0 = Debug|Any CPU
		{7CE4020C-9052-48D8-AB62-686D701D2554}.EndUser|Any CPU.ActiveCfg = Release|Any CPU
		{7CE4020C-9052-48D8-AB62-686D701D2554}.EndUser|Any CPU.Build.0 = Release|Any CPU
		{7CE4020C-9052-48D8-AB62-686D701D2554}.Release|Any CPU.ActiveCfg = Release|Any CPU
		{7CE4020C-9052-48D8-AB62-686D701D2554}.Release|Any CPU.Build.0 = Release|Any CPU
		{0898E624-4FA0-4F2F-BBD6-82BF470F427B}.Debug|Any CPU.ActiveCfg = Debug|Any CPU
		{0898E624-4FA0-4F2F-BBD6-82BF470F427B}.Debug|Any CPU.Build.0 = Debug|Any CPU
		{0898E624-4FA0-4F2F-BBD6-82BF470F427B}.EndUser|Any CPU.ActiveCfg = Release|Any CPU
		{0898E624-4FA0-4F2F-BBD6-82BF470F427B}.EndUser|Any CPU.Build.0 = Release|Any CPU
		{0898E624-4FA0-4F2F-BBD6-82BF470F427B}.Release|Any CPU.ActiveCfg = Release|Any CPU
		{0898E624-4FA0-4F2F-BBD6-82BF470F427B}.Release|Any CPU.Build.0 = Release|Any CPU
		{F9EBC3CC-4176-4174-A1E8-69985EB5421E}.Debug|Any CPU.ActiveCfg = Debug|Any CPU
		{F9EBC3CC-4176-4174-A1E8-69985EB5421E}.Debug|Any CPU.Build.0 = Debug|Any CPU
		{F9EBC3CC-4176-4174-A1E8-69985EB5421E}.EndUser|Any CPU.ActiveCfg = Release|Any CPU
		{F9EBC3CC-4176-4174-A1E8-69985EB5421E}.EndUser|Any CPU.Build.0 = Release|Any CPU
		{F9EBC3CC-4176-4174-A1E8-69985EB5421E}.Release|Any CPU.ActiveCfg = Release|Any CPU
		{F9EBC3CC-4176-4174-A1E8-69985EB5421E}.Release|Any CPU.Build.0 = Release|Any CPU
		{51B596E7-CC99-4062-9887-84D38442E5C2}.Debug|Any CPU.ActiveCfg = Debug|Any CPU
		{51B596E7-CC99-4062-9887-84D38442E5C2}.Debug|Any CPU.Build.0 = Debug|Any CPU
		{51B596E7-CC99-4062-9887-84D38442E5C2}.EndUser|Any CPU.ActiveCfg = Release|Any CPU
		{51B596E7-CC99-4062-9887-84D38442E5C2}.EndUser|Any CPU.Build.0 = Release|Any CPU
		{51B596E7-CC99-4062-9887-84D38442E5C2}.Release|Any CPU.ActiveCfg = Release|Any CPU
		{51B596E7-CC99-4062-9887-84D38442E5C2}.Release|Any CPU.Build.0 = Release|Any CPU
		{651156CD-DE54-4F5A-99BD-290460EB57FB}.Debug|Any CPU.ActiveCfg = Debug|Any CPU
		{651156CD-DE54-4F5A-99BD-290460EB57FB}.Debug|Any CPU.Build.0 = Debug|Any CPU
		{651156CD-DE54-4F5A-99BD-290460EB57FB}.EndUser|Any CPU.ActiveCfg = Release|Any CPU
		{651156CD-DE54-4F5A-99BD-290460EB57FB}.EndUser|Any CPU.Build.0 = Release|Any CPU
		{651156CD-DE54-4F5A-99BD-290460EB57FB}.Release|Any CPU.ActiveCfg = Release|Any CPU
		{651156CD-DE54-4F5A-99BD-290460EB57FB}.Release|Any CPU.Build.0 = Release|Any CPU
		{3F4E7114-C269-43A5-B919-0C65F1B98091}.Debug|Any CPU.ActiveCfg = Debug|Any CPU
		{3F4E7114-C269-43A5-B919-0C65F1B98091}.Debug|Any CPU.Build.0 = Debug|Any CPU
		{3F4E7114-C269-43A5-B919-0C65F1B98091}.EndUser|Any CPU.ActiveCfg = Release|Any CPU
		{3F4E7114-C269-43A5-B919-0C65F1B98091}.EndUser|Any CPU.Build.0 = Release|Any CPU
		{3F4E7114-C269-43A5-B919-0C65F1B98091}.Release|Any CPU.ActiveCfg = Release|Any CPU
		{3F4E7114-C269-43A5-B919-0C65F1B98091}.Release|Any CPU.Build.0 = Release|Any CPU
		{30D892A8-D24F-49AC-AAE6-61F3E2DCD248}.Debug|Any CPU.ActiveCfg = Debug|Any CPU
		{30D892A8-D24F-49AC-AAE6-61F3E2DCD248}.Debug|Any CPU.Build.0 = Debug|Any CPU
		{30D892A8-D24F-49AC-AAE6-61F3E2DCD248}.EndUser|Any CPU.ActiveCfg = Release|Any CPU
		{30D892A8-D24F-49AC-AAE6-61F3E2DCD248}.EndUser|Any CPU.Build.0 = Release|Any CPU
		{30D892A8-D24F-49AC-AAE6-61F3E2DCD248}.Release|Any CPU.ActiveCfg = Release|Any CPU
		{30D892A8-D24F-49AC-AAE6-61F3E2DCD248}.Release|Any CPU.Build.0 = Release|Any CPU
		{066BC047-0330-4437-9AFE-1D4250FBABF8}.Debug|Any CPU.ActiveCfg = Debug|Any CPU
		{066BC047-0330-4437-9AFE-1D4250FBABF8}.Debug|Any CPU.Build.0 = Debug|Any CPU
		{066BC047-0330-4437-9AFE-1D4250FBABF8}.EndUser|Any CPU.ActiveCfg = Release|Any CPU
		{066BC047-0330-4437-9AFE-1D4250FBABF8}.EndUser|Any CPU.Build.0 = Release|Any CPU
		{066BC047-0330-4437-9AFE-1D4250FBABF8}.Release|Any CPU.ActiveCfg = Release|Any CPU
		{066BC047-0330-4437-9AFE-1D4250FBABF8}.Release|Any CPU.Build.0 = Release|Any CPU
		{783B9217-A390-4685-A298-94E01FB35D44}.Debug|Any CPU.ActiveCfg = Debug|Any CPU
		{783B9217-A390-4685-A298-94E01FB35D44}.Debug|Any CPU.Build.0 = Debug|Any CPU
		{783B9217-A390-4685-A298-94E01FB35D44}.EndUser|Any CPU.ActiveCfg = Release|Any CPU
		{783B9217-A390-4685-A298-94E01FB35D44}.EndUser|Any CPU.Build.0 = Release|Any CPU
		{783B9217-A390-4685-A298-94E01FB35D44}.Release|Any CPU.ActiveCfg = Release|Any CPU
		{783B9217-A390-4685-A298-94E01FB35D44}.Release|Any CPU.Build.0 = Release|Any CPU
		{C347D10D-790F-4030-833B-633CFBF4218C}.Debug|Any CPU.ActiveCfg = Debug|Any CPU
		{C347D10D-790F-4030-833B-633CFBF4218C}.Debug|Any CPU.Build.0 = Debug|Any CPU
		{C347D10D-790F-4030-833B-633CFBF4218C}.EndUser|Any CPU.ActiveCfg = Release|Any CPU
		{C347D10D-790F-4030-833B-633CFBF4218C}.EndUser|Any CPU.Build.0 = Release|Any CPU
		{C347D10D-790F-4030-833B-633CFBF4218C}.Release|Any CPU.ActiveCfg = Release|Any CPU
		{C347D10D-790F-4030-833B-633CFBF4218C}.Release|Any CPU.Build.0 = Release|Any CPU
	EndGlobalSection
	GlobalSection(SolutionProperties) = preSolution
		HideSolutionNode = FALSE
	EndGlobalSection
	GlobalSection(NestedProjects) = preSolution
		{9603BBAF-5F68-4176-A032-3E8BEAF8F9E2} = {0955E7B1-0BFB-4058-9469-29FF5FF4AA28}
		{DDEB13BB-C96D-4192-B2FD-2D0CA467075C} = {0955E7B1-0BFB-4058-9469-29FF5FF4AA28}
		{AD2D7595-3068-495C-942C-CE9F18AB789B} = {B973C665-3190-46EE-BFB6-811CD75ACC07}
		{862F3FD5-4FDA-43D8-9FA1-D2179D695338} = {0955E7B1-0BFB-4058-9469-29FF5FF4AA28}
		{0FA4728F-7096-4996-8385-5BF5CC00B6FC} = {0955E7B1-0BFB-4058-9469-29FF5FF4AA28}
		{BC813BFB-016B-4C85-B613-857F8C377BE3} = {0955E7B1-0BFB-4058-9469-29FF5FF4AA28}
		{17C60530-5A42-429E-9B88-6273552C7913} = {0955E7B1-0BFB-4058-9469-29FF5FF4AA28}
		{8B05F085-D102-4D2F-A643-8E3734AD6F97} = {0955E7B1-0BFB-4058-9469-29FF5FF4AA28}
		{E92B8019-F1D4-4CE2-85E6-1F75A4453F20} = {B973C665-3190-46EE-BFB6-811CD75ACC07}
		{EA3C7D16-2AF7-4A5C-BED3-71B1716193D0} = {B973C665-3190-46EE-BFB6-811CD75ACC07}
		{8FBC282E-2C52-4963-BAB3-7C1A11C4FDE7} = {B973C665-3190-46EE-BFB6-811CD75ACC07}
		{F386635D-0C22-4666-AD39-3DDD9B62B72F} = {0955E7B1-0BFB-4058-9469-29FF5FF4AA28}
		{E93EDACE-E222-4680-A080-9AE2F0C5A966} = {B973C665-3190-46EE-BFB6-811CD75ACC07}
		{6B99C269-B4DC-49A5-8A34-271CFACAB289} = {0955E7B1-0BFB-4058-9469-29FF5FF4AA28}
		{7CE4020C-9052-48D8-AB62-686D701D2554} = {6B99C269-B4DC-49A5-8A34-271CFACAB289}
		{0898E624-4FA0-4F2F-BBD6-82BF470F427B} = {B973C665-3190-46EE-BFB6-811CD75ACC07}
		{E2547494-04F9-4977-809B-2976F21F87E8} = {0955E7B1-0BFB-4058-9469-29FF5FF4AA28}
		{78B43A82-A1B4-4437-81E3-F9511B952BDF} = {E2547494-04F9-4977-809B-2976F21F87E8}
		{F9EBC3CC-4176-4174-A1E8-69985EB5421E} = {78B43A82-A1B4-4437-81E3-F9511B952BDF}
		{51B596E7-CC99-4062-9887-84D38442E5C2} = {78B43A82-A1B4-4437-81E3-F9511B952BDF}
		{651156CD-DE54-4F5A-99BD-290460EB57FB} = {78B43A82-A1B4-4437-81E3-F9511B952BDF}
		{3F4E7114-C269-43A5-B919-0C65F1B98091} = {78B43A82-A1B4-4437-81E3-F9511B952BDF}
		{30D892A8-D24F-49AC-AAE6-61F3E2DCD248} = {78B43A82-A1B4-4437-81E3-F9511B952BDF}
		{066BC047-0330-4437-9AFE-1D4250FBABF8} = {78B43A82-A1B4-4437-81E3-F9511B952BDF}
		{783B9217-A390-4685-A298-94E01FB35D44} = {78B43A82-A1B4-4437-81E3-F9511B952BDF}
		{821D65D7-22D3-432C-8494-0C70B8347BF5} = {B973C665-3190-46EE-BFB6-811CD75ACC07}
		{C347D10D-790F-4030-833B-633CFBF4218C} = {821D65D7-22D3-432C-8494-0C70B8347BF5}
	EndGlobalSection
EndGlobal
